
Microsoft Visual Studio Solution File, Format Version 11.00
# Visual Studio 2010
Project("{FAE04EC0-301F-11D3-BF4B-00C04F79EFBC}") = "card1", "Assembly-CSharp.csproj", "{308579AA-F19E-922E-B9AE-6AC5DC88D190}"
EndProject
Global
	GlobalSection(SolutionConfigurationPlatforms) = preSolution
		Debug|Any CPU = Debug|Any CPU
		Release|Any CPU = Release|Any CPU
	EndGlobalSection
	GlobalSection(ProjectConfigurationPlatforms) = postSolution
		{308579AA-F19E-922E-B9AE-6AC5DC88D190}.Debug|Any CPU.ActiveCfg = Debug|Any CPU
		{308579AA-F19E-922E-B9AE-6AC5DC88D190}.Debug|Any CPU.Build.0 = Debug|Any CPU
		{308579AA-F19E-922E-B9AE-6AC5DC88D190}.Release|Any CPU.ActiveCfg = Release|Any CPU
		{308579AA-F19E-922E-B9AE-6AC5DC88D190}.Release|Any CPU.Build.0 = Release|Any CPU
	EndGlobalSection
	GlobalSection(SolutionProperties) = preSolution
		HideSolutionNode = FALSE
	EndGlobalSection
	GlobalSection(MonoDevelopProperties) = preSolution
		StartupItem = Assembly-CSharp.csproj
	EndGlobalSection
EndGlobal
